
Microsoft Visual Studio Solution File, Format Version 12.00
# Visual Studio Version 16
VisualStudioVersion = 16.0.31402.337
MinimumVisualStudioVersion = 10.0.40219.1
Project("{FAE04EC0-301F-11D3-BF4B-00C04F79EFBC}") = "SSO.AuthenticationServer", "SSO.AuthenticationServer\SSO.AuthenticationServer.csproj", "{C767FA72-0B0E-4795-A70F-6CBF45FF1410}"
EndProject
Project("{FAE04EC0-301F-11D3-BF4B-00C04F79EFBC}") = "SSO.Client", "SSO.Client\SSO.Client.csproj", "{79B12725-9758-4003-AA27-30458607DF0F}"
EndProject
Global
	GlobalSection(SolutionConfigurationPlatforms) = preSolution
		Debug|Any CPU = Debug|Any CPU
		Release|Any CPU = Release|Any CPU
	EndGlobalSection
	GlobalSection(ProjectConfigurationPlatforms) = postSolution
		{C767FA72-0B0E-4795-A70F-6CBF45FF1410}.Debug|Any CPU.ActiveCfg = Debug|Any CPU
		{C767FA72-0B0E-4795-A70F-6CBF45FF1410}.Debug|Any CPU.Build.0 = Debug|Any CPU
		{C767FA72-0B0E-4795-A70F-6CBF45FF1410}.Release|Any CPU.ActiveCfg = Release|Any CPU
		{C767FA72-0B0E-4795-A70F-6CBF45FF1410}.Release|Any CPU.Build.0 = Release|Any CPU
		{79B12725-9758-4003-AA27-30458607DF0F}.Debug|Any CPU.ActiveCfg = Debug|Any CPU
		{79B12725-9758-4003-AA27-30458607DF0F}.Debug|Any CPU.Build.0 = Debug|Any CPU
		{79B12725-9758-4003-AA27-30458607DF0F}.Release|Any CPU.ActiveCfg = Release|Any CPU
		{79B12725-9758-4003-AA27-30458607DF0F}.Release|Any CPU.Build.0 = Release|Any CPU
	EndGlobalSection
	GlobalSection(SolutionProperties) = preSolution
		HideSolutionNode = FALSE
	EndGlobalSection
	GlobalSection(ExtensibilityGlobals) = postSolution
		SolutionGuid = {9DE9A8AC-B5EE-4E9A-848C-F231028F9E5D}
	EndGlobalSection
EndGlobal
